
Microsoft Visual Studio Solution File, Format Version 12.00
# Visual Studio Version 16
VisualStudioVersion = 16.0.30907.101
MinimumVisualStudioVersion = 10.0.40219.1
Project("{FAE04EC0-301F-11D3-BF4B-00C04F79EFBC}") = "ClientApp", "ClientApp\ClientApp.csproj", "{328922FD-0715-480E-80A4-9986BF4A378A}"
EndProject
Project("{FAE04EC0-301F-11D3-BF4B-00C04F79EFBC}") = "BOLayer", "BOLayer\BOLayer.csproj", "{A7647D26-2AE1-4C43-878C-C00CE613C455}"
EndProject
Project("{FAE04EC0-301F-11D3-BF4B-00C04F79EFBC}") = "DALayer", "DALayer\DALayer.csproj", "{22B0A286-43AA-4FA3-B777-E2B9FE3AE000}"
EndProject
Global
	GlobalSection(SolutionConfigurationPlatforms) = preSolution
		Debug|Any CPU = Debug|Any CPU
		Release|Any CPU = Release|Any CPU
	EndGlobalSection
	GlobalSection(ProjectConfigurationPlatforms) = postSolution
		{328922FD-0715-480E-80A4-9986BF4A378A}.Debug|Any CPU.ActiveCfg = Debug|Any CPU
		{328922FD-0715-480E-80A4-9986BF4A378A}.Debug|Any CPU.Build.0 = Debug|Any CPU
		{328922FD-0715-480E-80A4-9986BF4A378A}.Release|Any CPU.ActiveCfg = Release|Any CPU
		{328922FD-0715-480E-80A4-9986BF4A378A}.Release|Any CPU.Build.0 = Release|Any CPU
		{A7647D26-2AE1-4C43-878C-C00CE613C455}.Debug|Any CPU.ActiveCfg = Debug|Any CPU
		{A7647D26-2AE1-4C43-878C-C00CE613C455}.Debug|Any CPU.Build.0 = Debug|Any CPU
		{A7647D26-2AE1-4C43-878C-C00CE613C455}.Release|Any CPU.ActiveCfg = Release|Any CPU
		{A7647D26-2AE1-4C43-878C-C00CE613C455}.Release|Any CPU.Build.0 = Release|Any CPU
		{22B0A286-43AA-4FA3-B777-E2B9FE3AE000}.Debug|Any CPU.ActiveCfg = Debug|Any CPU
		{22B0A286-43AA-4FA3-B777-E2B9FE3AE000}.Debug|Any CPU.Build.0 = Debug|Any CPU
		{22B0A286-43AA-4FA3-B777-E2B9FE3AE000}.Release|Any CPU.ActiveCfg = Release|Any CPU
		{22B0A286-43AA-4FA3-B777-E2B9FE3AE000}.Release|Any CPU.Build.0 = Release|Any CPU
	EndGlobalSection
	GlobalSection(SolutionProperties) = preSolution
		HideSolutionNode = FALSE
	EndGlobalSection
	GlobalSection(ExtensibilityGlobals) = postSolution
		SolutionGuid = {74B086BF-453F-4B01-8B29-D14170693CF1}
	EndGlobalSection
EndGlobal
